[{<<"cmn_service">>,
  {git,"https://github.com/joq62/cmn_service.git",
       {ref,"14b032b52ad4b1ffa8e6276ae8869663f3201a59"}},
  0},
 {<<"dbetcd_service">>,
  {git,"https://github.com/joq62/dbetcd_service.git",
       {ref,"e81458c07681ad61083c60135b107dc3e0b62cc0"}},
  0},
 {<<"log_service">>,
  {git,"https://github.com/joq62/log_service.git",
       {ref,"233b36d3b52abc019002d2f71fa610701eb92577"}},
  0},
 {<<"sd_service">>,
  {git,"https://github.com/joq62/sd_service.git",
       {ref,"a99d95db6ed855704b3fa4d2da1ef52cc2628536"}},
  0}].
